
Microsoft Visual Studio Solution File, Format Version 12.00
# Visual Studio Version 17
VisualStudioVersion = 17.2.32616.157
MinimumVisualStudioVersion = 10.0.40219.1
Project("{FAE04EC0-301F-11D3-BF4B-00C04F79EFBC}") = "SOLIDPrinciplesDemo", "SOLIDPrinciplesDemo\SOLIDPrinciplesDemo.csproj", "{222A7CC8-6229-4CEF-B5B8-7F61501C50DB}"
EndProject
Global
	GlobalSection(SolutionConfigurationPlatforms) = preSolution
		Debug|Any CPU = Debug|Any CPU
		Release|Any CPU = Release|Any CPU
	EndGlobalSection
	GlobalSection(ProjectConfigurationPlatforms) = postSolution
		{222A7CC8-6229-4CEF-B5B8-7F61501C50DB}.Debug|Any CPU.ActiveCfg = Debug|Any CPU
		{222A7CC8-6229-4CEF-B5B8-7F61501C50DB}.Debug|Any CPU.Build.0 = Debug|Any CPU
		{222A7CC8-6229-4CEF-B5B8-7F61501C50DB}.Release|Any CPU.ActiveCfg = Release|Any CPU
		{222A7CC8-6229-4CEF-B5B8-7F61501C50DB}.Release|Any CPU.Build.0 = Release|Any CPU
	EndGlobalSection
	GlobalSection(SolutionProperties) = preSolution
		HideSolutionNode = FALSE
	EndGlobalSection
	GlobalSection(ExtensibilityGlobals) = postSolution
		SolutionGuid = {59F9E002-F4D4-4CF9-8647-F6A754CC550F}
	EndGlobalSection
EndGlobal
